
Microsoft Visual Studio Solution File, Format Version 12.00
Project("{2150E333-8FDC-42A3-9474-1A3956D46DE8}") = "GeneratedClass", "GeneratedClass", "{23F96D9C-6F3F-4D8B-8CB9-6C8A0B6A5406}"
EndProject
Project("{FAE04EC0-301F-11D3-BF4B-00C04F79EFBC}") = "ConsoleApp", "GeneratedClass\ConsoleApp\ConsoleApp.csproj", "{8443A197-5B91-40B0-A50E-175EC19682E2}"
EndProject
Project("{FAE04EC0-301F-11D3-BF4B-00C04F79EFBC}") = "Generators", "GeneratedClass\Generators\Generators.csproj", "{72ED2168-F543-4B5B-92EF-DBECA4DB5255}"
EndProject
Project("{2150E333-8FDC-42A3-9474-1A3956D46DE8}") = "AdditionalFileTransformation", "AdditionalFileTransformation", "{1A6008AB-83CC-49CE-8A06-BB46903F1646}"
EndProject
Project("{FAE04EC0-301F-11D3-BF4B-00C04F79EFBC}") = "Generators", "AdditionalFileTransformation\Generators\Generators.csproj", "{117FCF83-CF09-4103-A69E-C22E16711FAE}"
EndProject
Project("{FAE04EC0-301F-11D3-BF4B-00C04F79EFBC}") = "ConsoleApp", "AdditionalFileTransformation\ConsoleApp\ConsoleApp.csproj", "{EA963E0B-2E41-4399-9B7D-136999B76263}"
EndProject
Project("{2150E333-8FDC-42A3-9474-1A3956D46DE8}") = "Tests", "Tests", "{5AC3A013-869D-4C74-B435-44E7C7AEDBEF}"
EndProject
Project("{FAE04EC0-301F-11D3-BF4B-00C04F79EFBC}") = "Generators.Test", "Tests\Generators.Test\Generators.Test.csproj", "{379BEC97-FF3F-4EA8-8A25-F532ACFE358F}"
EndProject
Project("{FAE04EC0-301F-11D3-BF4B-00C04F79EFBC}") = "Generators", "Tests\Generators\Generators.csproj", "{3D6AD2FC-2F28-452E-B0A4-1056A8E3C773}"
EndProject
Project("{2150E333-8FDC-42A3-9474-1A3956D46DE8}") = "CodeInjection", "CodeInjection", "{6F4D5D26-52EA-4BA3-BDE1-690FB1DFD2D6}"
EndProject
Project("{FAE04EC0-301F-11D3-BF4B-00C04F79EFBC}") = "Generators", "CodeInjection\Generators\Generators.csproj", "{B71C34C4-295C-4ADC-877C-9F2DF2AB40EE}"
EndProject
Project("{FAE04EC0-301F-11D3-BF4B-00C04F79EFBC}") = "ConsoleApp", "CodeInjection\ConsoleApp\ConsoleApp.csproj", "{91A78F58-24FE-416F-89C9-91A2421F3C1D}"
EndProject
Project("{2150E333-8FDC-42A3-9474-1A3956D46DE8}") = "AugmentUserCode", "AugmentUserCode", "{F67B7154-C2B0-47EC-9073-A6F98646BFF0}"
EndProject
Project("{FAE04EC0-301F-11D3-BF4B-00C04F79EFBC}") = "Generators", "AugmentUserCode\Generators\Generators.csproj", "{369720C4-483D-4DF0-971E-8A4318C9278F}"
EndProject
Project("{FAE04EC0-301F-11D3-BF4B-00C04F79EFBC}") = "ConsoleApp", "AugmentUserCode\ConsoleApp\ConsoleApp.csproj", "{DB72567F-6D1D-430C-A281-0E48B12E72DD}"
EndProject
Global
	GlobalSection(SolutionConfigurationPlatforms) = preSolution
		Debug|Any CPU = Debug|Any CPU
		Release|Any CPU = Release|Any CPU
	EndGlobalSection
	GlobalSection(NestedProjects) = preSolution
		{8443A197-5B91-40B0-A50E-175EC19682E2} = {23F96D9C-6F3F-4D8B-8CB9-6C8A0B6A5406}
		{72ED2168-F543-4B5B-92EF-DBECA4DB5255} = {23F96D9C-6F3F-4D8B-8CB9-6C8A0B6A5406}
		{117FCF83-CF09-4103-A69E-C22E16711FAE} = {1A6008AB-83CC-49CE-8A06-BB46903F1646}
		{EA963E0B-2E41-4399-9B7D-136999B76263} = {1A6008AB-83CC-49CE-8A06-BB46903F1646}
		{379BEC97-FF3F-4EA8-8A25-F532ACFE358F} = {5AC3A013-869D-4C74-B435-44E7C7AEDBEF}
		{3D6AD2FC-2F28-452E-B0A4-1056A8E3C773} = {5AC3A013-869D-4C74-B435-44E7C7AEDBEF}
		{B71C34C4-295C-4ADC-877C-9F2DF2AB40EE} = {6F4D5D26-52EA-4BA3-BDE1-690FB1DFD2D6}
		{91A78F58-24FE-416F-89C9-91A2421F3C1D} = {6F4D5D26-52EA-4BA3-BDE1-690FB1DFD2D6}
		{369720C4-483D-4DF0-971E-8A4318C9278F} = {F67B7154-C2B0-47EC-9073-A6F98646BFF0}
		{DB72567F-6D1D-430C-A281-0E48B12E72DD} = {F67B7154-C2B0-47EC-9073-A6F98646BFF0}
	EndGlobalSection
	GlobalSection(ProjectConfigurationPlatforms) = postSolution
		{72ED2168-F543-4B5B-92EF-DBECA4DB5255}.Debug|Any CPU.ActiveCfg = Debug|Any CPU
		{72ED2168-F543-4B5B-92EF-DBECA4DB5255}.Debug|Any CPU.Build.0 = Debug|Any CPU
		{72ED2168-F543-4B5B-92EF-DBECA4DB5255}.Release|Any CPU.ActiveCfg = Release|Any CPU
		{72ED2168-F543-4B5B-92EF-DBECA4DB5255}.Release|Any CPU.Build.0 = Release|Any CPU
		{8443A197-5B91-40B0-A50E-175EC19682E2}.Debug|Any CPU.ActiveCfg = Debug|Any CPU
		{8443A197-5B91-40B0-A50E-175EC19682E2}.Debug|Any CPU.Build.0 = Debug|Any CPU
		{117FCF83-CF09-4103-A69E-C22E16711FAE}.Debug|Any CPU.ActiveCfg = Debug|Any CPU
		{117FCF83-CF09-4103-A69E-C22E16711FAE}.Debug|Any CPU.Build.0 = Debug|Any CPU
		{117FCF83-CF09-4103-A69E-C22E16711FAE}.Release|Any CPU.ActiveCfg = Release|Any CPU
		{117FCF83-CF09-4103-A69E-C22E16711FAE}.Release|Any CPU.Build.0 = Release|Any CPU
		{EA963E0B-2E41-4399-9B7D-136999B76263}.Debug|Any CPU.ActiveCfg = Debug|Any CPU
		{EA963E0B-2E41-4399-9B7D-136999B76263}.Debug|Any CPU.Build.0 = Debug|Any CPU
		{EA963E0B-2E41-4399-9B7D-136999B76263}.Release|Any CPU.ActiveCfg = Release|Any CPU
		{EA963E0B-2E41-4399-9B7D-136999B76263}.Release|Any CPU.Build.0 = Release|Any CPU
		{379BEC97-FF3F-4EA8-8A25-F532ACFE358F}.Debug|Any CPU.ActiveCfg = Debug|Any CPU
		{379BEC97-FF3F-4EA8-8A25-F532ACFE358F}.Debug|Any CPU.Build.0 = Debug|Any CPU
		{379BEC97-FF3F-4EA8-8A25-F532ACFE358F}.Release|Any CPU.ActiveCfg = Release|Any CPU
		{379BEC97-FF3F-4EA8-8A25-F532ACFE358F}.Release|Any CPU.Build.0 = Release|Any CPU
		{3D6AD2FC-2F28-452E-B0A4-1056A8E3C773}.Debug|Any CPU.ActiveCfg = Debug|Any CPU
		{3D6AD2FC-2F28-452E-B0A4-1056A8E3C773}.Debug|Any CPU.Build.0 = Debug|Any CPU
		{3D6AD2FC-2F28-452E-B0A4-1056A8E3C773}.Release|Any CPU.ActiveCfg = Release|Any CPU
		{3D6AD2FC-2F28-452E-B0A4-1056A8E3C773}.Release|Any CPU.Build.0 = Release|Any CPU
		{B71C34C4-295C-4ADC-877C-9F2DF2AB40EE}.Debug|Any CPU.ActiveCfg = Debug|Any CPU
		{B71C34C4-295C-4ADC-877C-9F2DF2AB40EE}.Debug|Any CPU.Build.0 = Debug|Any CPU
		{B71C34C4-295C-4ADC-877C-9F2DF2AB40EE}.Release|Any CPU.ActiveCfg = Release|Any CPU
		{B71C34C4-295C-4ADC-877C-9F2DF2AB40EE}.Release|Any CPU.Build.0 = Release|Any CPU
		{91A78F58-24FE-416F-89C9-91A2421F3C1D}.Debug|Any CPU.ActiveCfg = Debug|Any CPU
		{91A78F58-24FE-416F-89C9-91A2421F3C1D}.Debug|Any CPU.Build.0 = Debug|Any CPU
		{91A78F58-24FE-416F-89C9-91A2421F3C1D}.Release|Any CPU.ActiveCfg = Release|Any CPU
		{91A78F58-24FE-416F-89C9-91A2421F3C1D}.Release|Any CPU.Build.0 = Release|Any CPU
		{369720C4-483D-4DF0-971E-8A4318C9278F}.Debug|Any CPU.ActiveCfg = Debug|Any CPU
		{369720C4-483D-4DF0-971E-8A4318C9278F}.Debug|Any CPU.Build.0 = Debug|Any CPU
		{369720C4-483D-4DF0-971E-8A4318C9278F}.Release|Any CPU.ActiveCfg = Release|Any CPU
		{369720C4-483D-4DF0-971E-8A4318C9278F}.Release|Any CPU.Build.0 = Release|Any CPU
		{DB72567F-6D1D-430C-A281-0E48B12E72DD}.Debug|Any CPU.ActiveCfg = Debug|Any CPU
		{DB72567F-6D1D-430C-A281-0E48B12E72DD}.Debug|Any CPU.Build.0 = Debug|Any CPU
		{DB72567F-6D1D-430C-A281-0E48B12E72DD}.Release|Any CPU.ActiveCfg = Release|Any CPU
		{DB72567F-6D1D-430C-A281-0E48B12E72DD}.Release|Any CPU.Build.0 = Release|Any CPU
	EndGlobalSection
EndGlobal
